
Microsoft Visual Studio Solution File, Format Version 12.00
# Visual Studio Version 16
VisualStudioVersion = 16.0.30114.105
MinimumVisualStudioVersion = 10.0.40219.1
Project("{2150E333-8FDC-42A3-9474-1A3956D46DE8}") = ".paket", ".paket", "{564B6A20-31D4-4C00-B8C4-D3946D88A875}"
	ProjectSection(SolutionItems) = preProject
		paket.dependencies = paket.dependencies
	EndProjectSection
EndProject
Project("{F2A71F9B-5D33-465A-A702-920D77279786}") = "Kata.FizzBuzz", "FSharp\Kata.FizzBuzz.fsproj", "{D27474B3-078C-49F6-859D-281A9CDEDE1E}"
EndProject
Global
	GlobalSection(SolutionConfigurationPlatforms) = preSolution
		Debug|Any CPU = Debug|Any CPU
		Release|Any CPU = Release|Any CPU
	EndGlobalSection
	GlobalSection(SolutionProperties) = preSolution
		HideSolutionNode = FALSE
	EndGlobalSection
	GlobalSection(ProjectConfigurationPlatforms) = postSolution
		{D27474B3-078C-49F6-859D-281A9CDEDE1E}.Debug|Any CPU.ActiveCfg = Debug|Any CPU
		{D27474B3-078C-49F6-859D-281A9CDEDE1E}.Debug|Any CPU.Build.0 = Debug|Any CPU
		{D27474B3-078C-49F6-859D-281A9CDEDE1E}.Release|Any CPU.ActiveCfg = Release|Any CPU
		{D27474B3-078C-49F6-859D-281A9CDEDE1E}.Release|Any CPU.Build.0 = Release|Any CPU
	EndGlobalSection
EndGlobal
